// !$*UTF8*$!
{
	archiveVersion = 1;
	classes = {
	};
	objectVersion = 46;
	objects = {

/* Begin PBXBuildFile section */
		50113A06154651F700565570 /* MainMenuViewController.m in Sources */ = {isa = PBXBuildFile; fileRef = 50113A04154651F700565570 /* MainMenuViewController.m */; };
		50113A07154651F700565570 /* MainMenuViewController.xib in Resources */ = {isa = PBXBuildFile; fileRef = 50113A05154651F700565570 /* MainMenuViewController.xib */; };
		50113A0C15465D6E00565570 /* StatisticsViewController.m in Sources */ = {isa = PBXBuildFile; fileRef = 50113A0A15465D6E00565570 /* StatisticsViewController.m */; };
		50113A0D15465D6E00565570 /* StatisticsViewController.xib in Resources */ = {isa = PBXBuildFile; fileRef = 50113A0B15465D6E00565570 /* StatisticsViewController.xib */; };
		50113A1115466C3A00565570 /* PlayerStatisticsViewController.m in Sources */ = {isa = PBXBuildFile; fileRef = 50113A0F15466C3900565570 /* PlayerStatisticsViewController.m */; };
		50113A1215466C3A00565570 /* PlayerStatisticsViewController.xib in Resources */ = {isa = PBXBuildFile; fileRef = 50113A1015466C3A00565570 /* PlayerStatisticsViewController.xib */; };
		5038B864153F4B0A000E0767 /* UIKit.framework in Frameworks */ = {isa = PBXBuildFile; fileRef = 5038B863153F4B0A000E0767 /* UIKit.framework */; };
		5038B866153F4B0A000E0767 /* Foundation.framework in Frameworks */ = {isa = PBXBuildFile; fileRef = 5038B865153F4B0A000E0767 /* Foundation.framework */; };
		5038B868153F4B0A000E0767 /* CoreGraphics.framework in Frameworks */ = {isa = PBXBuildFile; fileRef = 5038B867153F4B0A000E0767 /* CoreGraphics.framework */; };
		5038B86A153F4B0A000E0767 /* CoreData.framework in Frameworks */ = {isa = PBXBuildFile; fileRef = 5038B869153F4B0A000E0767 /* CoreData.framework */; };
		5038B870153F4B0A000E0767 /* InfoPlist.strings in Resources */ = {isa = PBXBuildFile; fileRef = 5038B86E153F4B0A000E0767 /* InfoPlist.strings */; };
		5038B872153F4B0A000E0767 /* main.m in Sources */ = {isa = PBXBuildFile; fileRef = 5038B871153F4B0A000E0767 /* main.m */; };
		5038B876153F4B0A000E0767 /* AppDelegate.m in Sources */ = {isa = PBXBuildFile; fileRef = 5038B875153F4B0A000E0767 /* AppDelegate.m */; };
		5038B879153F4B0B000E0767 /* CrokinoleTracker.xcdatamodeld in Sources */ = {isa = PBXBuildFile; fileRef = 5038B877153F4B0B000E0767 /* CrokinoleTracker.xcdatamodeld */; };
		5038B881153F4B0B000E0767 /* SenTestingKit.framework in Frameworks */ = {isa = PBXBuildFile; fileRef = 5038B880153F4B0B000E0767 /* SenTestingKit.framework */; };
		5038B882153F4B0B000E0767 /* UIKit.framework in Frameworks */ = {isa = PBXBuildFile; fileRef = 5038B863153F4B0A000E0767 /* UIKit.framework */; };
		5038B883153F4B0B000E0767 /* Foundation.framework in Frameworks */ = {isa = PBXBuildFile; fileRef = 5038B865153F4B0A000E0767 /* Foundation.framework */; };
		5038B884153F4B0B000E0767 /* CoreData.framework in Frameworks */ = {isa = PBXBuildFile; fileRef = 5038B869153F4B0A000E0767 /* CoreData.framework */; };
		5038B88C153F4B0B000E0767 /* InfoPlist.strings in Resources */ = {isa = PBXBuildFile; fileRef = 5038B88A153F4B0B000E0767 /* InfoPlist.strings */; };
		5038B88F153F4B0B000E0767 /* CrokinoleTrackerTests.m in Sources */ = {isa = PBXBuildFile; fileRef = 5038B88E153F4B0B000E0767 /* CrokinoleTrackerTests.m */; };
		5038B89A153F54FB000E0767 /* Player.m in Sources */ = {isa = PBXBuildFile; fileRef = 5038B899153F54FB000E0767 /* Player.m */; };
		5038B89D153F5596000E0767 /* Game.m in Sources */ = {isa = PBXBuildFile; fileRef = 5038B89C153F5596000E0767 /* Game.m */; };
		5038B8A0153F55C5000E0767 /* Round.m in Sources */ = {isa = PBXBuildFile; fileRef = 5038B89F153F55C5000E0767 /* Round.m */; };
		5050F9F01549D3A400974024 /* PlayerGameListViewController.m in Sources */ = {isa = PBXBuildFile; fileRef = 5050F9EE1549D3A400974024 /* PlayerGameListViewController.m */; };
		5050F9F11549D3A400974024 /* PlayerGameListViewController.xib in Resources */ = {isa = PBXBuildFile; fileRef = 5050F9EF1549D3A400974024 /* PlayerGameListViewController.xib */; };
		5055C95E1550B9940072917D /* GameSummaryView.m in Sources */ = {isa = PBXBuildFile; fileRef = 5055C95D1550B9940072917D /* GameSummaryView.m */; };
		5055C9601550B9A00072917D /* GameSummaryView.xib in Resources */ = {isa = PBXBuildFile; fileRef = 5055C95F1550B9A00072917D /* GameSummaryView.xib */; };
		5077FE2415828EEF004184EE /* VisualScorekeepingViewController.m in Sources */ = {isa = PBXBuildFile; fileRef = 5077FE2315828EEF004184EE /* VisualScorekeepingViewController.m */; };
		5077FE271582947E004184EE /* BoardView.m in Sources */ = {isa = PBXBuildFile; fileRef = 5077FE261582947E004184EE /* BoardView.m */; };
		50C24F211548978B005327FA /* PlayerStatistics.m in Sources */ = {isa = PBXBuildFile; fileRef = 50C24F201548978B005327FA /* PlayerStatistics.m */; };
		8E155FEA154A1A6700BB6A0C /* GameStatistics.m in Sources */ = {isa = PBXBuildFile; fileRef = 8E155FE9154A1A6700BB6A0C /* GameStatistics.m */; };
		8E155FEC154A284800BB6A0C /* GameStatisticsViewController.xib in Resources */ = {isa = PBXBuildFile; fileRef = 8E155FEB154A284800BB6A0C /* GameStatisticsViewController.xib */; };
		8E155FF1154A30D000BB6A0C /* GameStatisticsViewController.m in Sources */ = {isa = PBXBuildFile; fileRef = 8E155FF0154A30D000BB6A0C /* GameStatisticsViewController.m */; };
		8E1992971545C71100C18D25 /* PostGameViewController.m in Sources */ = {isa = PBXBuildFile; fileRef = 8E1992951545C71100C18D25 /* PostGameViewController.m */; };
		8E1992981545C71100C18D25 /* PostGameViewController.xib in Resources */ = {isa = PBXBuildFile; fileRef = 8E1992961545C71100C18D25 /* PostGameViewController.xib */; };
		8E341F631540B71E0011307E /* ScorekeepingViewController.m in Sources */ = {isa = PBXBuildFile; fileRef = 8E341F611540B71E0011307E /* ScorekeepingViewController.m */; };
		8E341F641540B71E0011307E /* ScorekeepingViewController.xib in Resources */ = {isa = PBXBuildFile; fileRef = 8E341F621540B71E0011307E /* ScorekeepingViewController.xib */; };
		8E6E8FFE158262E100E5214D /* MyCrokinoleIcon-57x57.png in Resources */ = {isa = PBXBuildFile; fileRef = 8E6E8FFD158262E100E5214D /* MyCrokinoleIcon-57x57.png */; };
		8E6E90001582632600E5214D /* MyCrokinoleIcon-114x114.png in Resources */ = {isa = PBXBuildFile; fileRef = 8E6E8FFF1582632600E5214D /* MyCrokinoleIcon-114x114.png */; };
		8E6E90021582633C00E5214D /* MyCrokinoleIcon-72x72.png in Resources */ = {isa = PBXBuildFile; fileRef = 8E6E90011582633C00E5214D /* MyCrokinoleIcon-72x72.png */; };
		8E6E90041582634100E5214D /* MyCrokinoleIcon-144x144.png in Resources */ = {isa = PBXBuildFile; fileRef = 8E6E90031582634100E5214D /* MyCrokinoleIcon-144x144.png */; };
		8EAE6A7D153F5B3300ECA3A7 /* GameOptionsViewController.m in Sources */ = {isa = PBXBuildFile; fileRef = 8EAE6A7C153F5B3300ECA3A7 /* GameOptionsViewController.m */; };
		8EAE6A83153F603B00ECA3A7 /* GameOptionsViewController.xib in Resources */ = {isa = PBXBuildFile; fileRef = 8EAE6A82153F603B00ECA3A7 /* GameOptionsViewController.xib */; };
		8EAE6A87153F643200ECA3A7 /* PlayerSelectionViewController.m in Sources */ = {isa = PBXBuildFile; fileRef = 8EAE6A85153F643200ECA3A7 /* PlayerSelectionViewController.m */; };
		8EAE6A88153F643200ECA3A7 /* PlayerSelectionViewController.xib in Resources */ = {isa = PBXBuildFile; fileRef = 8EAE6A86153F643200ECA3A7 /* PlayerSelectionViewController.xib */; };
		8EAE6A8C1540A63000ECA3A7 /* CoreDataUtilities.m in Sources */ = {isa = PBXBuildFile; fileRef = 8EAE6A8B1540A63000ECA3A7 /* CoreDataUtilities.m */; };
/* End PBXBuildFile section */

/* Begin PBXContainerItemProxy section */
		5038B885153F4B0B000E0767 /* PBXContainerItemProxy */ = {
			isa = PBXContainerItemProxy;
			containerPortal = 5038B856153F4B0A000E0767 /* Project object */;
			proxyType = 1;
			remoteGlobalIDString = 5038B85E153F4B0A000E0767;
			remoteInfo = CrokinoleTracker;
		};
/* End PBXContainerItemProxy section */

/* Begin PBXFileReference section */
		50113A03154651F700565570 /* MainMenuViewController.h */ = {isa = PBXFileReference; fileEncoding = 4; lastKnownFileType = sourcecode.c.h; path = MainMenuViewController.h; sourceTree = "<group>"; };
		50113A04154651F700565570 /* MainMenuViewController.m */ = {isa = PBXFileReference; fileEncoding = 4; lastKnownFileType = sourcecode.c.objc; path = MainMenuViewController.m; sourceTree = "<group>"; };
		50113A05154651F700565570 /* MainMenuViewController.xib */ = {isa = PBXFileReference; fileEncoding = 4; lastKnownFileType = file.xib; path = MainMenuViewController.xib; sourceTree = "<group>"; };
		50113A0915465D6D00565570 /* StatisticsViewController.h */ = {isa = PBXFileReference; fileEncoding = 4; lastKnownFileType = sourcecode.c.h; path = StatisticsViewController.h; sourceTree = "<group>"; };
		50113A0A15465D6E00565570 /* StatisticsViewController.m */ = {isa = PBXFileReference; fileEncoding = 4; lastKnownFileType = sourcecode.c.objc; path = StatisticsViewController.m; sourceTree = "<group>"; };
		50113A0B15465D6E00565570 /* StatisticsViewController.xib */ = {isa = PBXFileReference; fileEncoding = 4; lastKnownFileType = file.xib; path = StatisticsViewController.xib; sourceTree = "<group>"; };
		50113A0E15466C3900565570 /* PlayerStatisticsViewController.h */ = {isa = PBXFileReference; fileEncoding = 4; lastKnownFileType = sourcecode.c.h; path = PlayerStatisticsViewController.h; sourceTree = "<group>"; };
		50113A0F15466C3900565570 /* PlayerStatisticsViewController.m */ = {isa = PBXFileReference; fileEncoding = 4; lastKnownFileType = sourcecode.c.objc; path = PlayerStatisticsViewController.m; sourceTree = "<group>"; };
		50113A1015466C3A00565570 /* PlayerStatisticsViewController.xib */ = {isa = PBXFileReference; fileEncoding = 4; lastKnownFileType = file.xib; path = PlayerStatisticsViewController.xib; sourceTree = "<group>"; };
		5038B85F153F4B0A000E0767 /* CrokinoleTracker.app */ = {isa = PBXFileReference; explicitFileType = wrapper.application; includeInIndex = 0; path = CrokinoleTracker.app; sourceTree = BUILT_PRODUCTS_DIR; };
		5038B863153F4B0A000E0767 /* UIKit.framework */ = {isa = PBXFileReference; lastKnownFileType = wrapper.framework; name = UIKit.framework; path = System/Library/Frameworks/UIKit.framework; sourceTree = SDKROOT; };
		5038B865153F4B0A000E0767 /* Foundation.framework */ = {isa = PBXFileReference; lastKnownFileType = wrapper.framework; name = Foundation.framework; path = System/Library/Frameworks/Foundation.framework; sourceTree = SDKROOT; };
		5038B867153F4B0A000E0767 /* CoreGraphics.framework */ = {isa = PBXFileReference; lastKnownFileType = wrapper.framework; name = CoreGraphics.framework; path = System/Library/Frameworks/CoreGraphics.framework; sourceTree = SDKROOT; };
		5038B869153F4B0A000E0767 /* CoreData.framework */ = {isa = PBXFileReference; lastKnownFileType = wrapper.framework; name = CoreData.framework; path = System/Library/Frameworks/CoreData.framework; sourceTree = SDKROOT; };
		5038B86D153F4B0A000E0767 /* CrokinoleTracker-Info.plist */ = {isa = PBXFileReference; lastKnownFileType = text.plist.xml; path = "CrokinoleTracker-Info.plist"; sourceTree = "<group>"; };
		5038B86F153F4B0A000E0767 /* en */ = {isa = PBXFileReference; lastKnownFileType = text.plist.strings; name = en; path = en.lproj/InfoPlist.strings; sourceTree = "<group>"; };
		5038B871153F4B0A000E0767 /* main.m */ = {isa = PBXFileReference; lastKnownFileType = sourcecode.c.objc; path = main.m; sourceTree = "<group>"; };
		5038B873153F4B0A000E0767 /* CrokinoleTracker-Prefix.pch */ = {isa = PBXFileReference; lastKnownFileType = sourcecode.c.h; path = "CrokinoleTracker-Prefix.pch"; sourceTree = "<group>"; };
		5038B874153F4B0A000E0767 /* AppDelegate.h */ = {isa = PBXFileReference; lastKnownFileType = sourcecode.c.h; path = AppDelegate.h; sourceTree = "<group>"; };
		5038B875153F4B0A000E0767 /* AppDelegate.m */ = {isa = PBXFileReference; lastKnownFileType = sourcecode.c.objc; path = AppDelegate.m; sourceTree = "<group>"; };
		5038B878153F4B0B000E0767 /* CrokinoleTracker.xcdatamodel */ = {isa = PBXFileReference; lastKnownFileType = wrapper.xcdatamodel; path = CrokinoleTracker.xcdatamodel; sourceTree = "<group>"; };
		5038B87F153F4B0B000E0767 /* CrokinoleTrackerTests.octest */ = {isa = PBXFileReference; explicitFileType = wrapper.cfbundle; includeInIndex = 0; path = CrokinoleTrackerTests.octest; sourceTree = BUILT_PRODUCTS_DIR; };
		5038B880153F4B0B000E0767 /* SenTestingKit.framework */ = {isa = PBXFileReference; lastKnownFileType = wrapper.framework; name = SenTestingKit.framework; path = Library/Frameworks/SenTestingKit.framework; sourceTree = DEVELOPER_DIR; };
		5038B889153F4B0B000E0767 /* CrokinoleTrackerTests-Info.plist */ = {isa = PBXFileReference; lastKnownFileType = text.plist.xml; path = "CrokinoleTrackerTests-Info.plist"; sourceTree = "<group>"; };
		5038B88B153F4B0B000E0767 /* en */ = {isa = PBXFileReference; lastKnownFileType = text.plist.strings; name = en; path = en.lproj/InfoPlist.strings; sourceTree = "<group>"; };
		5038B88D153F4B0B000E0767 /* CrokinoleTrackerTests.h */ = {isa = PBXFileReference; lastKnownFileType = sourcecode.c.h; path = CrokinoleTrackerTests.h; sourceTree = "<group>"; };
		5038B88E153F4B0B000E0767 /* CrokinoleTrackerTests.m */ = {isa = PBXFileReference; lastKnownFileType = sourcecode.c.objc; path = CrokinoleTrackerTests.m; sourceTree = "<group>"; };
		5038B898153F54FB000E0767 /* Player.h */ = {isa = PBXFileReference; fileEncoding = 4; lastKnownFileType = sourcecode.c.h; path = Player.h; sourceTree = "<group>"; };
		5038B899153F54FB000E0767 /* Player.m */ = {isa = PBXFileReference; fileEncoding = 4; lastKnownFileType = sourcecode.c.objc; path = Player.m; sourceTree = "<group>"; };
		5038B89B153F5596000E0767 /* Game.h */ = {isa = PBXFileReference; fileEncoding = 4; lastKnownFileType = sourcecode.c.h; path = Game.h; sourceTree = "<group>"; };
		5038B89C153F5596000E0767 /* Game.m */ = {isa = PBXFileReference; fileEncoding = 4; lastKnownFileType = sourcecode.c.objc; path = Game.m; sourceTree = "<group>"; };
		5038B89E153F55C5000E0767 /* Round.h */ = {isa = PBXFileReference; fileEncoding = 4; lastKnownFileType = sourcecode.c.h; path = Round.h; sourceTree = "<group>"; };
		5038B89F153F55C5000E0767 /* Round.m */ = {isa = PBXFileReference; fileEncoding = 4; lastKnownFileType = sourcecode.c.objc; path = Round.m; sourceTree = "<group>"; };
		5050F9ED1549D3A300974024 /* PlayerGameListViewController.h */ = {isa = PBXFileReference; fileEncoding = 4; lastKnownFileType = sourcecode.c.h; path = PlayerGameListViewController.h; sourceTree = "<group>"; };
		5050F9EE1549D3A400974024 /* PlayerGameListViewController.m */ = {isa = PBXFileReference; fileEncoding = 4; lastKnownFileType = sourcecode.c.objc; path = PlayerGameListViewController.m; sourceTree = "<group>"; };
		5050F9EF1549D3A400974024 /* PlayerGameListViewController.xib */ = {isa = PBXFileReference; fileEncoding = 4; lastKnownFileType = file.xib; path = PlayerGameListViewController.xib; sourceTree = "<group>"; };
		5055C95C1550B9940072917D /* GameSummaryView.h */ = {isa = PBXFileReference; fileEncoding = 4; lastKnownFileType = sourcecode.c.h; path = GameSummaryView.h; sourceTree = "<group>"; };
		5055C95D1550B9940072917D /* GameSummaryView.m */ = {isa = PBXFileReference; fileEncoding = 4; lastKnownFileType = sourcecode.c.objc; path = GameSummaryView.m; sourceTree = "<group>"; };
		5055C95F1550B9A00072917D /* GameSummaryView.xib */ = {isa = PBXFileReference; fileEncoding = 4; lastKnownFileType = file.xib; path = GameSummaryView.xib; sourceTree = "<group>"; };
		5055C9621550C5C90072917D /* PostGameViewController.h */ = {isa = PBXFileReference; fileEncoding = 4; lastKnownFileType = sourcecode.c.h; path = PostGameViewController.h; sourceTree = "<group>"; };
		5077FE2215828EEF004184EE /* VisualScorekeepingViewController.h */ = {isa = PBXFileReference; fileEncoding = 4; lastKnownFileType = sourcecode.c.h; path = VisualScorekeepingViewController.h; sourceTree = "<group>"; };
		5077FE2315828EEF004184EE /* VisualScorekeepingViewController.m */ = {isa = PBXFileReference; fileEncoding = 4; lastKnownFileType = sourcecode.c.objc; path = VisualScorekeepingViewController.m; sourceTree = "<group>"; };
		5077FE251582947E004184EE /* BoardView.h */ = {isa = PBXFileReference; fileEncoding = 4; lastKnownFileType = sourcecode.c.h; path = BoardView.h; sourceTree = "<group>"; };
		5077FE261582947E004184EE /* BoardView.m */ = {isa = PBXFileReference; fileEncoding = 4; lastKnownFileType = sourcecode.c.objc; path = BoardView.m; sourceTree = "<group>"; };
		50C24F1F1548978B005327FA /* PlayerStatistics.h */ = {isa = PBXFileReference; fileEncoding = 4; lastKnownFileType = sourcecode.c.h; path = PlayerStatistics.h; sourceTree = "<group>"; };
		50C24F201548978B005327FA /* PlayerStatistics.m */ = {isa = PBXFileReference; fileEncoding = 4; lastKnownFileType = sourcecode.c.objc; path = PlayerStatistics.m; sourceTree = "<group>"; };
		8E155FE8154A1A6700BB6A0C /* GameStatistics.h */ = {isa = PBXFileReference; fileEncoding = 4; lastKnownFileType = sourcecode.c.h; path = GameStatistics.h; sourceTree = "<group>"; };
		8E155FE9154A1A6700BB6A0C /* GameStatistics.m */ = {isa = PBXFileReference; fileEncoding = 4; lastKnownFileType = sourcecode.c.objc; path = GameStatistics.m; sourceTree = "<group>"; };
		8E155FEB154A284800BB6A0C /* GameStatisticsViewController.xib */ = {isa = PBXFileReference; fileEncoding = 4; lastKnownFileType = file.xib; path = GameStatisticsViewController.xib; sourceTree = "<group>"; };
		8E155FEF154A30D000BB6A0C /* GameStatisticsViewController.h */ = {isa = PBXFileReference; fileEncoding = 4; lastKnownFileType = sourcecode.c.h; path = GameStatisticsViewController.h; sourceTree = "<group>"; };
		8E155FF0154A30D000BB6A0C /* GameStatisticsViewController.m */ = {isa = PBXFileReference; fileEncoding = 4; lastKnownFileType = sourcecode.c.objc; path = GameStatisticsViewController.m; sourceTree = "<group>"; };
		8E1992951545C71100C18D25 /* PostGameViewController.m */ = {isa = PBXFileReference; fileEncoding = 4; lastKnownFileType = sourcecode.c.objc; path = PostGameViewController.m; sourceTree = "<group>"; };
		8E1992961545C71100C18D25 /* PostGameViewController.xib */ = {isa = PBXFileReference; fileEncoding = 4; lastKnownFileType = file.xib; path = PostGameViewController.xib; sourceTree = "<group>"; };
		8E341F601540B71E0011307E /* ScorekeepingViewController.h */ = {isa = PBXFileReference; fileEncoding = 4; lastKnownFileType = sourcecode.c.h; path = ScorekeepingViewController.h; sourceTree = "<group>"; };
		8E341F611540B71E0011307E /* ScorekeepingViewController.m */ = {isa = PBXFileReference; fileEncoding = 4; lastKnownFileType = sourcecode.c.objc; path = ScorekeepingViewController.m; sourceTree = "<group>"; };
		8E341F621540B71E0011307E /* ScorekeepingViewController.xib */ = {isa = PBXFileReference; fileEncoding = 4; lastKnownFileType = file.xib; path = ScorekeepingViewController.xib; sourceTree = "<group>"; };
		8E6E8FFD158262E100E5214D /* MyCrokinoleIcon-57x57.png */ = {isa = PBXFileReference; lastKnownFileType = image.png; name = "MyCrokinoleIcon-57x57.png"; path = "../MyCrokinoleIcon-57x57.png"; sourceTree = "<group>"; };
		8E6E8FFF1582632600E5214D /* MyCrokinoleIcon-114x114.png */ = {isa = PBXFileReference; lastKnownFileType = image.png; name = "MyCrokinoleIcon-114x114.png"; path = "../MyCrokinoleIcon-114x114.png"; sourceTree = "<group>"; };
		8E6E90011582633C00E5214D /* MyCrokinoleIcon-72x72.png */ = {isa = PBXFileReference; lastKnownFileType = image.png; name = "MyCrokinoleIcon-72x72.png"; path = "../MyCrokinoleIcon-72x72.png"; sourceTree = "<group>"; };
		8E6E90031582634100E5214D /* MyCrokinoleIcon-144x144.png */ = {isa = PBXFileReference; lastKnownFileType = image.png; name = "MyCrokinoleIcon-144x144.png"; path = "../MyCrokinoleIcon-144x144.png"; sourceTree = "<group>"; };
		8EAE6A7B153F5B3300ECA3A7 /* GameOptionsViewController.h */ = {isa = PBXFileReference; fileEncoding = 4; lastKnownFileType = sourcecode.c.h; path = GameOptionsViewController.h; sourceTree = "<group>"; };
		8EAE6A7C153F5B3300ECA3A7 /* GameOptionsViewController.m */ = {isa = PBXFileReference; fileEncoding = 4; lastKnownFileType = sourcecode.c.objc; path = GameOptionsViewController.m; sourceTree = "<group>"; };
		8EAE6A82153F603B00ECA3A7 /* GameOptionsViewController.xib */ = {isa = PBXFileReference; fileEncoding = 4; lastKnownFileType = file.xib; path = GameOptionsViewController.xib; sourceTree = "<group>"; };
		8EAE6A84153F643200ECA3A7 /* PlayerSelectionViewController.h */ = {isa = PBXFileReference; fileEncoding = 4; lastKnownFileType = sourcecode.c.h; path = PlayerSelectionViewController.h; sourceTree = "<group>"; };
		8EAE6A85153F643200ECA3A7 /* PlayerSelectionViewController.m */ = {isa = PBXFileReference; fileEncoding = 4; lastKnownFileType = sourcecode.c.objc; path = PlayerSelectionViewController.m; sourceTree = "<group>"; };
		8EAE6A86153F643200ECA3A7 /* PlayerSelectionViewController.xib */ = {isa = PBXFileReference; fileEncoding = 4; lastKnownFileType = file.xib; path = PlayerSelectionViewController.xib; sourceTree = "<group>"; };
		8EAE6A8A1540A63000ECA3A7 /* CoreDataUtilities.h */ = {isa = PBXFileReference; fileEncoding = 4; lastKnownFileType = sourcecode.c.h; path = CoreDataUtilities.h; sourceTree = "<group>"; };
		8EAE6A8B1540A63000ECA3A7 /* CoreDataUtilities.m */ = {isa = PBXFileReference; fileEncoding = 4; lastKnownFileType = sourcecode.c.objc; path = CoreDataUtilities.m; sourceTree = "<group>"; };
/* End PBXFileReference section */

/* Begin PBXFrameworksBuildPhase section */
		5038B85C153F4B0A000E0767 /* Frameworks */ = {
			isa = PBXFrameworksBuildPhase;
			buildActionMask = 2147483647;
			files = (
				5038B864153F4B0A000E0767 /* UIKit.framework in Frameworks */,
				5038B866153F4B0A000E0767 /* Foundation.framework in Frameworks */,
				5038B868153F4B0A000E0767 /* CoreGraphics.framework in Frameworks */,
				5038B86A153F4B0A000E0767 /* CoreData.framework in Frameworks */,
			);
			runOnlyForDeploymentPostprocessing = 0;
		};
		5038B87B153F4B0B000E0767 /* Frameworks */ = {
			isa = PBXFrameworksBuildPhase;
			buildActionMask = 2147483647;
			files = (
				5038B881153F4B0B000E0767 /* SenTestingKit.framework in Frameworks */,
				5038B882153F4B0B000E0767 /* UIKit.framework in Frameworks */,
				5038B883153F4B0B000E0767 /* Foundation.framework in Frameworks */,
				5038B884153F4B0B000E0767 /* CoreData.framework in Frameworks */,
			);
			runOnlyForDeploymentPostprocessing = 0;
		};
/* End PBXFrameworksBuildPhase section */

/* Begin PBXGroup section */
		5038B854153F4B0A000E0767 = {
			isa = PBXGroup;
			children = (
				5038B86B153F4B0A000E0767 /* CrokinoleTracker */,
				5038B887153F4B0B000E0767 /* CrokinoleTrackerTests */,
				5038B862153F4B0A000E0767 /* Frameworks */,
				5038B860153F4B0A000E0767 /* Products */,
			);
			sourceTree = "<group>";
		};
		5038B860153F4B0A000E0767 /* Products */ = {
			isa = PBXGroup;
			children = (
				5038B85F153F4B0A000E0767 /* CrokinoleTracker.app */,
				5038B87F153F4B0B000E0767 /* CrokinoleTrackerTests.octest */,
			);
			name = Products;
			sourceTree = "<group>";
		};
		5038B862153F4B0A000E0767 /* Frameworks */ = {
			isa = PBXGroup;
			children = (
				5038B863153F4B0A000E0767 /* UIKit.framework */,
				5038B865153F4B0A000E0767 /* Foundation.framework */,
				5038B867153F4B0A000E0767 /* CoreGraphics.framework */,
				5038B869153F4B0A000E0767 /* CoreData.framework */,
				5038B880153F4B0B000E0767 /* SenTestingKit.framework */,
			);
			name = Frameworks;
			sourceTree = "<group>";
		};
		5038B86B153F4B0A000E0767 /* CrokinoleTracker */ = {
			isa = PBXGroup;
			children = (
				5038B874153F4B0A000E0767 /* AppDelegate.h */,
				5038B875153F4B0A000E0767 /* AppDelegate.m */,
				5038B8A1153F55FF000E0767 /* Models */,
				5055C9591550B96C0072917D /* Views */,
				8EAE6A73153F59B600ECA3A7 /* View Controllers */,
				8EAE6A891540A60700ECA3A7 /* Utilities */,
				5038B86C153F4B0A000E0767 /* Supporting Files */,
			);
			path = CrokinoleTracker;
			sourceTree = "<group>";
		};
		5038B86C153F4B0A000E0767 /* Supporting Files */ = {
			isa = PBXGroup;
			children = (
				5038B877153F4B0B000E0767 /* CrokinoleTracker.xcdatamodeld */,
				5038B86D153F4B0A000E0767 /* CrokinoleTracker-Info.plist */,
				5038B86E153F4B0A000E0767 /* InfoPlist.strings */,
				5038B871153F4B0A000E0767 /* main.m */,
				5038B873153F4B0A000E0767 /* CrokinoleTracker-Prefix.pch */,
				8E6E90031582634100E5214D /* MyCrokinoleIcon-144x144.png */,
				8E6E90011582633C00E5214D /* MyCrokinoleIcon-72x72.png */,
				8E6E8FFF1582632600E5214D /* MyCrokinoleIcon-114x114.png */,
				8E6E8FFD158262E100E5214D /* MyCrokinoleIcon-57x57.png */,
			);
			name = "Supporting Files";
			sourceTree = "<group>";
		};
		5038B887153F4B0B000E0767 /* CrokinoleTrackerTests */ = {
			isa = PBXGroup;
			children = (
				5038B88D153F4B0B000E0767 /* CrokinoleTrackerTests.h */,
				5038B88E153F4B0B000E0767 /* CrokinoleTrackerTests.m */,
				5038B888153F4B0B000E0767 /* Supporting Files */,
			);
			path = CrokinoleTrackerTests;
			sourceTree = "<group>";
		};
		5038B888153F4B0B000E0767 /* Supporting Files */ = {
			isa = PBXGroup;
			children = (
				5038B889153F4B0B000E0767 /* CrokinoleTrackerTests-Info.plist */,
				5038B88A153F4B0B000E0767 /* InfoPlist.strings */,
			);
			name = "Supporting Files";
			sourceTree = "<group>";
		};
		5038B8A1153F55FF000E0767 /* Models */ = {
			isa = PBXGroup;
			children = (
				5038B89B153F5596000E0767 /* Game.h */,
				5038B89C153F5596000E0767 /* Game.m */,
				5038B898153F54FB000E0767 /* Player.h */,
				5038B899153F54FB000E0767 /* Player.m */,
				5038B89E153F55C5000E0767 /* Round.h */,
				5038B89F153F55C5000E0767 /* Round.m */,
				50C24F1F1548978B005327FA /* PlayerStatistics.h */,
				50C24F201548978B005327FA /* PlayerStatistics.m */,
				8E155FE8154A1A6700BB6A0C /* GameStatistics.h */,
				8E155FE9154A1A6700BB6A0C /* GameStatistics.m */,
			);
			name = Models;
			sourceTree = "<group>";
		};
		5055C9591550B96C0072917D /* Views */ = {
			isa = PBXGroup;
			children = (
				5077FE251582947E004184EE /* BoardView.h */,
				5077FE261582947E004184EE /* BoardView.m */,
				5055C95C1550B9940072917D /* GameSummaryView.h */,
				5055C95D1550B9940072917D /* GameSummaryView.m */,
				5055C95B1550B9790072917D /* NIBs */,
			);
			name = Views;
			sourceTree = "<group>";
		};
		5055C95B1550B9790072917D /* NIBs */ = {
			isa = PBXGroup;
			children = (
				5055C95F1550B9A00072917D /* GameSummaryView.xib */,
			);
			name = NIBs;
			sourceTree = "<group>";
		};
		8E6AE918154B2C0B00750BEE /* NIBs */ = {
			isa = PBXGroup;
			children = (
				50113A05154651F700565570 /* MainMenuViewController.xib */,
				8EAE6A82153F603B00ECA3A7 /* GameOptionsViewController.xib */,
				8EAE6A86153F643200ECA3A7 /* PlayerSelectionViewController.xib */,
				8E341F621540B71E0011307E /* ScorekeepingViewController.xib */,
				8E1992961545C71100C18D25 /* PostGameViewController.xib */,
				50113A0B15465D6E00565570 /* StatisticsViewController.xib */,
				50113A1015466C3A00565570 /* PlayerStatisticsViewController.xib */,
				5050F9EF1549D3A400974024 /* PlayerGameListViewController.xib */,
				8E155FEB154A284800BB6A0C /* GameStatisticsViewController.xib */,
			);
			name = NIBs;
			sourceTree = "<group>";
		};
		8EAE6A73153F59B600ECA3A7 /* View Controllers */ = {
			isa = PBXGroup;
			children = (
				50113A03154651F700565570 /* MainMenuViewController.h */,
				50113A04154651F700565570 /* MainMenuViewController.m */,
				8EAE6A7B153F5B3300ECA3A7 /* GameOptionsViewController.h */,
				8EAE6A7C153F5B3300ECA3A7 /* GameOptionsViewController.m */,
				8EAE6A84153F643200ECA3A7 /* PlayerSelectionViewController.h */,
				8EAE6A85153F643200ECA3A7 /* PlayerSelectionViewController.m */,
				8E341F601540B71E0011307E /* ScorekeepingViewController.h */,
				8E341F611540B71E0011307E /* ScorekeepingViewController.m */,
				5077FE2215828EEF004184EE /* VisualScorekeepingViewController.h */,
				5077FE2315828EEF004184EE /* VisualScorekeepingViewController.m */,
				5055C9621550C5C90072917D /* PostGameViewController.h */,
				8E1992951545C71100C18D25 /* PostGameViewController.m */,
				50113A0915465D6D00565570 /* StatisticsViewController.h */,
				50113A0A15465D6E00565570 /* StatisticsViewController.m */,
				50113A0E15466C3900565570 /* PlayerStatisticsViewController.h */,
				50113A0F15466C3900565570 /* PlayerStatisticsViewController.m */,
				5050F9ED1549D3A300974024 /* PlayerGameListViewController.h */,
				5050F9EE1549D3A400974024 /* PlayerGameListViewController.m */,
				8E155FEF154A30D000BB6A0C /* GameStatisticsViewController.h */,
				8E155FF0154A30D000BB6A0C /* GameStatisticsViewController.m */,
				8E6AE918154B2C0B00750BEE /* NIBs */,
			);
			name = "View Controllers";
			sourceTree = "<group>";
		};
		8EAE6A891540A60700ECA3A7 /* Utilities */ = {
			isa = PBXGroup;
			children = (
				8EAE6A8A1540A63000ECA3A7 /* CoreDataUtilities.h */,
				8EAE6A8B1540A63000ECA3A7 /* CoreDataUtilities.m */,
			);
			name = Utilities;
			sourceTree = "<group>";
		};
/* End PBXGroup section */

/* Begin PBXNativeTarget section */
		5038B85E153F4B0A000E0767 /* CrokinoleTracker */ = {
			isa = PBXNativeTarget;
			buildConfigurationList = 5038B892153F4B0B000E0767 /* Build configuration list for PBXNativeTarget "CrokinoleTracker" */;
			buildPhases = (
				5038B85B153F4B0A000E0767 /* Sources */,
				5038B85C153F4B0A000E0767 /* Frameworks */,
				5038B85D153F4B0A000E0767 /* Resources */,
			);
			buildRules = (
			);
			dependencies = (
			);
			name = CrokinoleTracker;
			productName = CrokinoleTracker;
			productReference = 5038B85F153F4B0A000E0767 /* CrokinoleTracker.app */;
			productType = "com.apple.product-type.application";
		};
		5038B87E153F4B0B000E0767 /* CrokinoleTrackerTests */ = {
			isa = PBXNativeTarget;
			buildConfigurationList = 5038B895153F4B0B000E0767 /* Build configuration list for PBXNativeTarget "CrokinoleTrackerTests" */;
			buildPhases = (
				5038B87A153F4B0B000E0767 /* Sources */,
				5038B87B153F4B0B000E0767 /* Frameworks */,
				5038B87C153F4B0B000E0767 /* Resources */,
				5038B87D153F4B0B000E0767 /* ShellScript */,
			);
			buildRules = (
			);
			dependencies = (
				5038B886153F4B0B000E0767 /* PBXTargetDependency */,
			);
			name = CrokinoleTrackerTests;
			productName = CrokinoleTrackerTests;
			productReference = 5038B87F153F4B0B000E0767 /* CrokinoleTrackerTests.octest */;
			productType = "com.apple.product-type.bundle";
		};
/* End PBXNativeTarget section */

/* Begin PBXProject section */
		5038B856153F4B0A000E0767 /* Project object */ = {
			isa = PBXProject;
			attributes = {
				LastUpgradeCheck = 0430;
			};
			buildConfigurationList = 5038B859153F4B0A000E0767 /* Build configuration list for PBXProject "CrokinoleTracker" */;
			compatibilityVersion = "Xcode 3.2";
			developmentRegion = English;
			hasScannedForEncodings = 0;
			knownRegions = (
				en,
			);
			mainGroup = 5038B854153F4B0A000E0767;
			productRefGroup = 5038B860153F4B0A000E0767 /* Products */;
			projectDirPath = "";
			projectRoot = "";
			targets = (
				5038B85E153F4B0A000E0767 /* CrokinoleTracker */,
				5038B87E153F4B0B000E0767 /* CrokinoleTrackerTests */,
			);
		};
/* End PBXProject section */

/* Begin PBXResourcesBuildPhase section */
		5038B85D153F4B0A000E0767 /* Resources */ = {
			isa = PBXResourcesBuildPhase;
			buildActionMask = 2147483647;
			files = (
				5038B870153F4B0A000E0767 /* InfoPlist.strings in Resources */,
				8EAE6A83153F603B00ECA3A7 /* GameOptionsViewController.xib in Resources */,
				8EAE6A88153F643200ECA3A7 /* PlayerSelectionViewController.xib in Resources */,
				8E341F641540B71E0011307E /* ScorekeepingViewController.xib in Resources */,
				8E1992981545C71100C18D25 /* PostGameViewController.xib in Resources */,
				50113A07154651F700565570 /* MainMenuViewController.xib in Resources */,
				50113A0D15465D6E00565570 /* StatisticsViewController.xib in Resources */,
				50113A1215466C3A00565570 /* PlayerStatisticsViewController.xib in Resources */,
				5050F9F11549D3A400974024 /* PlayerGameListViewController.xib in Resources */,
				8E155FEC154A284800BB6A0C /* GameStatisticsViewController.xib in Resources */,
				5055C9601550B9A00072917D /* GameSummaryView.xib in Resources */,
				8E6E8FFE158262E100E5214D /* MyCrokinoleIcon-57x57.png in Resources */,
				8E6E90001582632600E5214D /* MyCrokinoleIcon-114x114.png in Resources */,
				8E6E90021582633C00E5214D /* MyCrokinoleIcon-72x72.png in Resources */,
				8E6E90041582634100E5214D /* MyCrokinoleIcon-144x144.png in Resources */,
			);
			runOnlyForDeploymentPostprocessing = 0;
		};
		5038B87C153F4B0B000E0767 /* Resources */ = {
			isa = PBXResourcesBuildPhase;
			buildActionMask = 2147483647;
			files = (
				5038B88C153F4B0B000E0767 /* InfoPlist.strings in Resources */,
			);
			runOnlyForDeploymentPostprocessing = 0;
		};
/* End PBXResourcesBuildPhase section */

/* Begin PBXShellScriptBuildPhase section */
		5038B87D153F4B0B000E0767 /* ShellScript */ = {
			isa = PBXShellScriptBuildPhase;
			buildActionMask = 2147483647;
			files = (
			);
			inputPaths = (
			);
			outputPaths = (
			);
			runOnlyForDeploymentPostprocessing = 0;
			shellPath = /bin/sh;
			shellScript = "# Run the unit tests in this test bundle.\n\"${SYSTEM_DEVELOPER_DIR}/Tools/RunUnitTests\"\n";
		};
/* End PBXShellScriptBuildPhase section */

/* Begin PBXSourcesBuildPhase section */
		5038B85B153F4B0A000E0767 /* Sources */ = {
			isa = PBXSourcesBuildPhase;
			buildActionMask = 2147483647;
			files = (
				5038B872153F4B0A000E0767 /* main.m in Sources */,
				5038B876153F4B0A000E0767 /* AppDelegate.m in Sources */,
				5038B879153F4B0B000E0767 /* CrokinoleTracker.xcdatamodeld in Sources */,
				5038B89A153F54FB000E0767 /* Player.m in Sources */,
				5038B89D153F5596000E0767 /* Game.m in Sources */,
				5038B8A0153F55C5000E0767 /* Round.m in Sources */,
				8EAE6A7D153F5B3300ECA3A7 /* GameOptionsViewController.m in Sources */,
				8EAE6A87153F643200ECA3A7 /* PlayerSelectionViewController.m in Sources */,
				8EAE6A8C1540A63000ECA3A7 /* CoreDataUtilities.m in Sources */,
				8E341F631540B71E0011307E /* ScorekeepingViewController.m in Sources */,
				8E1992971545C71100C18D25 /* PostGameViewController.m in Sources */,
				50113A06154651F700565570 /* MainMenuViewController.m in Sources */,
				50113A0C15465D6E00565570 /* StatisticsViewController.m in Sources */,
				50113A1115466C3A00565570 /* PlayerStatisticsViewController.m in Sources */,
				50C24F211548978B005327FA /* PlayerStatistics.m in Sources */,
				5050F9F01549D3A400974024 /* PlayerGameListViewController.m in Sources */,
				8E155FEA154A1A6700BB6A0C /* GameStatistics.m in Sources */,
				8E155FF1154A30D000BB6A0C /* GameStatisticsViewController.m in Sources */,
				5055C95E1550B9940072917D /* GameSummaryView.m in Sources */,
				5077FE2415828EEF004184EE /* VisualScorekeepingViewController.m in Sources */,
				5077FE271582947E004184EE /* BoardView.m in Sources */,
			);
			runOnlyForDeploymentPostprocessing = 0;
		};
		5038B87A153F4B0B000E0767 /* Sources */ = {
			isa = PBXSourcesBuildPhase;
			buildActionMask = 2147483647;
			files = (
				5038B88F153F4B0B000E0767 /* CrokinoleTrackerTests.m in Sources */,
			);
			runOnlyForDeploymentPostprocessing = 0;
		};
/* End PBXSourcesBuildPhase section */

/* Begin PBXTargetDependency section */
		5038B886153F4B0B000E0767 /* PBXTargetDependency */ = {
			isa = PBXTargetDependency;
			target = 5038B85E153F4B0A000E0767 /* CrokinoleTracker */;
			targetProxy = 5038B885153F4B0B000E0767 /* PBXContainerItemProxy */;
		};
/* End PBXTargetDependency section */

/* Begin PBXVariantGroup section */
		5038B86E153F4B0A000E0767 /* InfoPlist.strings */ = {
			isa = PBXVariantGroup;
			children = (
				5038B86F153F4B0A000E0767 /* en */,
			);
			name = InfoPlist.strings;
			sourceTree = "<group>";
		};
		5038B88A153F4B0B000E0767 /* InfoPlist.strings */ = {
			isa = PBXVariantGroup;
			children = (
				5038B88B153F4B0B000E0767 /* en */,
			);
			name = InfoPlist.strings;
			sourceTree = "<group>";
		};
/* End PBXVariantGroup section */

/* Begin XCBuildConfiguration section */
		5038B890153F4B0B000E0767 /* Debug */ = {
			isa = XCBuildConfiguration;
			buildSettings = {
				ALWAYS_SEARCH_USER_PATHS = NO;
				ARCHS = "$(ARCHS_STANDARD_32_BIT)";
				CLANG_ENABLE_OBJC_ARC = YES;
				"CODE_SIGN_IDENTITY[sdk=iphoneos*]" = "iPhone Developer";
				COPY_PHASE_STRIP = NO;
				GCC_C_LANGUAGE_STANDARD = gnu99;
				GCC_DYNAMIC_NO_PIC = NO;
				GCC_OPTIMIZATION_LEVEL = 0;
				GCC_PREPROCESSOR_DEFINITIONS = (
					"DEBUG=1",
					"$(inherited)",
				);
				GCC_SYMBOLS_PRIVATE_EXTERN = NO;
				GCC_VERSION = com.apple.compilers.llvm.clang.1_0;
				GCC_WARN_ABOUT_RETURN_TYPE = YES;
				GCC_WARN_UNINITIALIZED_AUTOS = YES;
				GCC_WARN_UNUSED_VARIABLE = YES;
				IPHONEOS_DEPLOYMENT_TARGET = 5.1;
				SDKROOT = iphoneos;
			};
			name = Debug;
		};
		5038B891153F4B0B000E0767 /* Release */ = {
			isa = XCBuildConfiguration;
			buildSettings = {
				ALWAYS_SEARCH_USER_PATHS = NO;
				ARCHS = "$(ARCHS_STANDARD_32_BIT)";
				CLANG_ENABLE_OBJC_ARC = YES;
				"CODE_SIGN_IDENTITY[sdk=iphoneos*]" = "iPhone Developer";
				COPY_PHASE_STRIP = YES;
				GCC_C_LANGUAGE_STANDARD = gnu99;
				GCC_VERSION = com.apple.compilers.llvm.clang.1_0;
				GCC_WARN_ABOUT_RETURN_TYPE = YES;
				GCC_WARN_UNINITIALIZED_AUTOS = YES;
				GCC_WARN_UNUSED_VARIABLE = YES;
				IPHONEOS_DEPLOYMENT_TARGET = 5.1;
				OTHER_CFLAGS = "-DNS_BLOCK_ASSERTIONS=1";
				SDKROOT = iphoneos;
				VALIDATE_PRODUCT = YES;
			};
			name = Release;
		};
		5038B893153F4B0B000E0767 /* Debug */ = {
			isa = XCBuildConfiguration;
			buildSettings = {
				GCC_PRECOMPILE_PREFIX_HEADER = YES;
				GCC_PREFIX_HEADER = "CrokinoleTracker/CrokinoleTracker-Prefix.pch";
				INFOPLIST_FILE = "CrokinoleTracker/CrokinoleTracker-Info.plist";
				PRODUCT_NAME = "$(TARGET_NAME)";
				WRAPPER_EXTENSION = app;
			};
			name = Debug;
		};
		5038B894153F4B0B000E0767 /* Release */ = {
			isa = XCBuildConfiguration;
			buildSettings = {
				GCC_PRECOMPILE_PREFIX_HEADER = YES;
				GCC_PREFIX_HEADER = "CrokinoleTracker/CrokinoleTracker-Prefix.pch";
				INFOPLIST_FILE = "CrokinoleTracker/CrokinoleTracker-Info.plist";
				PRODUCT_NAME = "$(TARGET_NAME)";
				WRAPPER_EXTENSION = app;
			};
			name = Release;
		};
		5038B896153F4B0B000E0767 /* Debug */ = {
			isa = XCBuildConfiguration;
			buildSettings = {
				BUNDLE_LOADER = "$(BUILT_PRODUCTS_DIR)/CrokinoleTracker.app/CrokinoleTracker";
				FRAMEWORK_SEARCH_PATHS = (
					"$(SDKROOT)/Developer/Library/Frameworks",
					"$(DEVELOPER_LIBRARY_DIR)/Frameworks",
				);
				GCC_PRECOMPILE_PREFIX_HEADER = YES;
				GCC_PREFIX_HEADER = "CrokinoleTracker/CrokinoleTracker-Prefix.pch";
				INFOPLIST_FILE = "CrokinoleTrackerTests/CrokinoleTrackerTests-Info.plist";
				PRODUCT_NAME = "$(TARGET_NAME)";
				TEST_HOST = "$(BUNDLE_LOADER)";
				WRAPPER_EXTENSION = octest;
			};
			name = Debug;
		};
		5038B897153F4B0B000E0767 /* Release */ = {
			isa = XCBuildConfiguration;
			buildSettings = {
				BUNDLE_LOADER = "$(BUILT_PRODUCTS_DIR)/CrokinoleTracker.app/CrokinoleTracker";
				FRAMEWORK_SEARCH_PATHS = (
					"$(SDKROOT)/Developer/Library/Frameworks",
					"$(DEVELOPER_LIBRARY_DIR)/Frameworks",
				);
				GCC_PRECOMPILE_PREFIX_HEADER = YES;
				GCC_PREFIX_HEADER = "CrokinoleTracker/CrokinoleTracker-Prefix.pch";
				INFOPLIST_FILE = "CrokinoleTrackerTests/CrokinoleTrackerTests-Info.plist";
				PRODUCT_NAME = "$(TARGET_NAME)";
				TEST_HOST = "$(BUNDLE_LOADER)";
				WRAPPER_EXTENSION = octest;
			};
			name = Release;
		};
/* End XCBuildConfiguration section */

/* Begin XCConfigurationList section */
		5038B859153F4B0A000E0767 /* Build configuration list for PBXProject "CrokinoleTracker" */ = {
			isa = XCConfigurationList;
			buildConfigurations = (
				5038B890153F4B0B000E0767 /* Debug */,
				5038B891153F4B0B000E0767 /* Release */,
			);
			defaultConfigurationIsVisible = 0;
			defaultConfigurationName = Release;
		};
		5038B892153F4B0B000E0767 /* Build configuration list for PBXNativeTarget "CrokinoleTracker" */ = {
			isa = XCConfigurationList;
			buildConfigurations = (
				5038B893153F4B0B000E0767 /* Debug */,
				5038B894153F4B0B000E0767 /* Release */,
			);
			defaultConfigurationIsVisible = 0;
			defaultConfigurationName = Release;
		};
		5038B895153F4B0B000E0767 /* Build configuration list for PBXNativeTarget "CrokinoleTrackerTests" */ = {
			isa = XCConfigurationList;
			buildConfigurations = (
				5038B896153F4B0B000E0767 /* Debug */,
				5038B897153F4B0B000E0767 /* Release */,
			);
			defaultConfigurationIsVisible = 0;
			defaultConfigurationName = Release;
		};
/* End XCConfigurationList section */

/* Begin XCVersionGroup section */
		5038B877153F4B0B000E0767 /* CrokinoleTracker.xcdatamodeld */ = {
			isa = XCVersionGroup;
			children = (
				5038B878153F4B0B000E0767 /* CrokinoleTracker.xcdatamodel */,
			);
			currentVersion = 5038B878153F4B0B000E0767 /* CrokinoleTracker.xcdatamodel */;
			path = CrokinoleTracker.xcdatamodeld;
			sourceTree = "<group>";
			versionGroupType = wrapper.xcdatamodel;
		};
/* End XCVersionGroup section */
	};
	rootObject = 5038B856153F4B0A000E0767 /* Project object */;
}
